
Microsoft Visual Studio Solution File, Format Version 12.00
# Visual Studio 2013
VisualStudioVersion = 12.0.21005.1
MinimumVisualStudioVersion = 10.0.40219.1
Project("{2150E333-8FDC-42A3-9474-1A3956D46DE8}") = "04UI", "04UI", "{76C84477-F97A-4249-BE00-73E2FE2B47BE}"
	ProjectSection(SolutionItems) = preProject
		UI\nicEditorIcons.gif = UI\nicEditorIcons.gif
		UI\uploadfiyHelper.ashx.cs = UI\uploadfiyHelper.ashx.cs
	EndProjectSection
EndProject
Project("{2150E333-8FDC-42A3-9474-1A3956D46DE8}") = "01Infrastructure", "01Infrastructure", "{B50D003F-2F3E-4E62-82AC-F3CCE7B4A204}"
EndProject
Project("{2150E333-8FDC-42A3-9474-1A3956D46DE8}") = "02Respositry", "02Respositry", "{13A25D8F-20A7-4832-AD6B-E17A498696F5}"
EndProject
Project("{2150E333-8FDC-42A3-9474-1A3956D46DE8}") = "03Service", "03Service", "{F33D8FFA-DF20-4E3F-BC67-22D9EFDD94CD}"
EndProject
Project("{FAE04EC0-301F-11D3-BF4B-00C04F79EFBC}") = "MODEL", "MODEL\MODEL.csproj", "{14CFA3C9-2F8E-4B82-BE3F-601001DF7A30}"
EndProject
Project("{FAE04EC0-301F-11D3-BF4B-00C04F79EFBC}") = "Common", "Common\Common.csproj", "{ABD91768-9E9C-48DB-9079-3116119763BA}"
EndProject
Project("{FAE04EC0-301F-11D3-BF4B-00C04F79EFBC}") = "DI", "DI\DI.csproj", "{AD8C23F1-2E52-4761-8990-DA2159891A44}"
EndProject
Project("{FAE04EC0-301F-11D3-BF4B-00C04F79EFBC}") = "IDAL", "IDAL\IDAL.csproj", "{5B21B3F4-120D-4E39-B149-3FC9AEE87FA1}"
EndProject
Project("{FAE04EC0-301F-11D3-BF4B-00C04F79EFBC}") = "DALMSSQL", "DALMSSQL\DALMSSQL.csproj", "{AA19E137-2828-49AA-9DEC-99623764C3E4}"
EndProject
Project("{FAE04EC0-301F-11D3-BF4B-00C04F79EFBC}") = "IBLL", "IBLL\IBLL.csproj", "{496D30D8-441F-4692-8D2C-846B9F0EAAD2}"
EndProject
Project("{FAE04EC0-301F-11D3-BF4B-00C04F79EFBC}") = "BLL", "BLL\BLL.csproj", "{01907089-E873-4550-AF66-0B563589D700}"
EndProject
Project("{FAE04EC0-301F-11D3-BF4B-00C04F79EFBC}") = "UI", "UI\UI.csproj", "{49EF0518-BF0E-4C81-B5A4-E32A67524D7A}"
EndProject
Project("{2150E333-8FDC-42A3-9474-1A3956D46DE8}") = "00Schemal", "00Schemal", "{DB2CC292-BA26-4AB3-BDE0-63C4342ADD70}"
	ProjectSection(SolutionItems) = preProject
		libs\spring-objects-1.3.xsd = libs\spring-objects-1.3.xsd
	EndProjectSection
EndProject
Project("{FAE04EC0-301F-11D3-BF4B-00C04F79EFBC}") = "MVC.Helper", "MVC.Helper\MVC.Helper.csproj", "{F4B1C110-8559-4061-8C18-FEE4F9058784}"
EndProject
Project("{FAE04EC0-301F-11D3-BF4B-00C04F79EFBC}") = "Login", "Login\Login.csproj", "{BE240513-4D42-406B-A09E-7A33388BE65C}"
EndProject
Project("{FAE04EC0-301F-11D3-BF4B-00C04F79EFBC}") = "PersonalManger", "PersonalManger\PersonalManger.csproj", "{78245452-A133-4B29-8436-AE7E2BA50741}"
EndProject
Project("{2150E333-8FDC-42A3-9474-1A3956D46DE8}") = ".nuget", ".nuget", "{88D37DC6-9793-4323-ADDD-F1196C6378D3}"
	ProjectSection(SolutionItems) = preProject
		.nuget\NuGet.Config = .nuget\NuGet.Config
		.nuget\NuGet.exe = .nuget\NuGet.exe
		.nuget\NuGet.targets = .nuget\NuGet.targets
	EndProjectSection
EndProject
Project("{FAE04EC0-301F-11D3-BF4B-00C04F79EFBC}") = "Duty", "Duty\Duty.csproj", "{C4A10F50-3B53-4F5C-A655-CB027D17D365}"
EndProject
Project("{FAE04EC0-301F-11D3-BF4B-00C04F79EFBC}") = "Permission", "Permission\Permission.csproj", "{1F3F0627-4935-4B83-925C-7FC32E151FAE}"
EndProject
Project("{FAE04EC0-301F-11D3-BF4B-00C04F79EFBC}") = "Task", "Task\Task.csproj", "{254C1C03-203C-490A-B49F-A390B08D9D30}"
EndProject
Project("{FAE04EC0-301F-11D3-BF4B-00C04F79EFBC}") = "Message", "Message\Message.csproj", "{626EF097-21F9-4B92-858B-7C8863CBD53D}"
EndProject
Project("{FAE04EC0-301F-11D3-BF4B-00C04F79EFBC}") = "FinalWeb.JoinUs", "FinalWeb.JoinUs\FinalWeb.JoinUs.csproj", "{C41EB2CF-B00D-4972-B550-1FF10A28041F}"
EndProject
Global
	GlobalSection(SolutionConfigurationPlatforms) = preSolution
		Debug|Any CPU = Debug|Any CPU
		Release|Any CPU = Release|Any CPU
	EndGlobalSection
	GlobalSection(ProjectConfigurationPlatforms) = postSolution
		{14CFA3C9-2F8E-4B82-BE3F-601001DF7A30}.Debug|Any CPU.ActiveCfg = Debug|Any CPU
		{14CFA3C9-2F8E-4B82-BE3F-601001DF7A30}.Debug|Any CPU.Build.0 = Debug|Any CPU
		{14CFA3C9-2F8E-4B82-BE3F-601001DF7A30}.Release|Any CPU.ActiveCfg = Release|Any CPU
		{14CFA3C9-2F8E-4B82-BE3F-601001DF7A30}.Release|Any CPU.Build.0 = Release|Any CPU
		{ABD91768-9E9C-48DB-9079-3116119763BA}.Debug|Any CPU.ActiveCfg = Debug|Any CPU
		{ABD91768-9E9C-48DB-9079-3116119763BA}.Debug|Any CPU.Build.0 = Debug|Any CPU
		{ABD91768-9E9C-48DB-9079-3116119763BA}.Release|Any CPU.ActiveCfg = Release|Any CPU
		{ABD91768-9E9C-48DB-9079-3116119763BA}.Release|Any CPU.Build.0 = Release|Any CPU
		{AD8C23F1-2E52-4761-8990-DA2159891A44}.Debug|Any CPU.ActiveCfg = Debug|Any CPU
		{AD8C23F1-2E52-4761-8990-DA2159891A44}.Debug|Any CPU.Build.0 = Debug|Any CPU
		{AD8C23F1-2E52-4761-8990-DA2159891A44}.Release|Any CPU.ActiveCfg = Release|Any CPU
		{AD8C23F1-2E52-4761-8990-DA2159891A44}.Release|Any CPU.Build.0 = Release|Any CPU
		{5B21B3F4-120D-4E39-B149-3FC9AEE87FA1}.Debug|Any CPU.ActiveCfg = Debug|Any CPU
		{5B21B3F4-120D-4E39-B149-3FC9AEE87FA1}.Debug|Any CPU.Build.0 = Debug|Any CPU
		{5B21B3F4-120D-4E39-B149-3FC9AEE87FA1}.Release|Any CPU.ActiveCfg = Release|Any CPU
		{5B21B3F4-120D-4E39-B149-3FC9AEE87FA1}.Release|Any CPU.Build.0 = Release|Any CPU
		{AA19E137-2828-49AA-9DEC-99623764C3E4}.Debug|Any CPU.ActiveCfg = Debug|Any CPU
		{AA19E137-2828-49AA-9DEC-99623764C3E4}.Debug|Any CPU.Build.0 = Debug|Any CPU
		{AA19E137-2828-49AA-9DEC-99623764C3E4}.Release|Any CPU.ActiveCfg = Release|Any CPU
		{AA19E137-2828-49AA-9DEC-99623764C3E4}.Release|Any CPU.Build.0 = Release|Any CPU
		{496D30D8-441F-4692-8D2C-846B9F0EAAD2}.Debug|Any CPU.ActiveCfg = Debug|Any CPU
		{496D30D8-441F-4692-8D2C-846B9F0EAAD2}.Debug|Any CPU.Build.0 = Debug|Any CPU
		{496D30D8-441F-4692-8D2C-846B9F0EAAD2}.Release|Any CPU.ActiveCfg = Release|Any CPU
		{496D30D8-441F-4692-8D2C-846B9F0EAAD2}.Release|Any CPU.Build.0 = Release|Any CPU
		{01907089-E873-4550-AF66-0B563589D700}.Debug|Any CPU.ActiveCfg = Debug|Any CPU
		{01907089-E873-4550-AF66-0B563589D700}.Debug|Any CPU.Build.0 = Debug|Any CPU
		{01907089-E873-4550-AF66-0B563589D700}.Release|Any CPU.ActiveCfg = Release|Any CPU
		{01907089-E873-4550-AF66-0B563589D700}.Release|Any CPU.Build.0 = Release|Any CPU
		{49EF0518-BF0E-4C81-B5A4-E32A67524D7A}.Debug|Any CPU.ActiveCfg = Debug|Any CPU
		{49EF0518-BF0E-4C81-B5A4-E32A67524D7A}.Debug|Any CPU.Build.0 = Debug|Any CPU
		{49EF0518-BF0E-4C81-B5A4-E32A67524D7A}.Release|Any CPU.ActiveCfg = Release|Any CPU
		{49EF0518-BF0E-4C81-B5A4-E32A67524D7A}.Release|Any CPU.Build.0 = Release|Any CPU
		{F4B1C110-8559-4061-8C18-FEE4F9058784}.Debug|Any CPU.ActiveCfg = Debug|Any CPU
		{F4B1C110-8559-4061-8C18-FEE4F9058784}.Debug|Any CPU.Build.0 = Debug|Any CPU
		{F4B1C110-8559-4061-8C18-FEE4F9058784}.Release|Any CPU.ActiveCfg = Release|Any CPU
		{F4B1C110-8559-4061-8C18-FEE4F9058784}.Release|Any CPU.Build.0 = Release|Any CPU
		{BE240513-4D42-406B-A09E-7A33388BE65C}.Debug|Any CPU.ActiveCfg = Debug|Any CPU
		{BE240513-4D42-406B-A09E-7A33388BE65C}.Debug|Any CPU.Build.0 = Debug|Any CPU
		{BE240513-4D42-406B-A09E-7A33388BE65C}.Release|Any CPU.ActiveCfg = Release|Any CPU
		{BE240513-4D42-406B-A09E-7A33388BE65C}.Release|Any CPU.Build.0 = Release|Any CPU
		{78245452-A133-4B29-8436-AE7E2BA50741}.Debug|Any CPU.ActiveCfg = Debug|Any CPU
		{78245452-A133-4B29-8436-AE7E2BA50741}.Debug|Any CPU.Build.0 = Debug|Any CPU
		{78245452-A133-4B29-8436-AE7E2BA50741}.Release|Any CPU.ActiveCfg = Release|Any CPU
		{78245452-A133-4B29-8436-AE7E2BA50741}.Release|Any CPU.Build.0 = Release|Any CPU
		{C4A10F50-3B53-4F5C-A655-CB027D17D365}.Debug|Any CPU.ActiveCfg = Debug|Any CPU
		{C4A10F50-3B53-4F5C-A655-CB027D17D365}.Debug|Any CPU.Build.0 = Debug|Any CPU
		{C4A10F50-3B53-4F5C-A655-CB027D17D365}.Release|Any CPU.ActiveCfg = Release|Any CPU
		{C4A10F50-3B53-4F5C-A655-CB027D17D365}.Release|Any CPU.Build.0 = Release|Any CPU
		{1F3F0627-4935-4B83-925C-7FC32E151FAE}.Debug|Any CPU.ActiveCfg = Debug|Any CPU
		{1F3F0627-4935-4B83-925C-7FC32E151FAE}.Debug|Any CPU.Build.0 = Debug|Any CPU
		{1F3F0627-4935-4B83-925C-7FC32E151FAE}.Release|Any CPU.ActiveCfg = Release|Any CPU
		{1F3F0627-4935-4B83-925C-7FC32E151FAE}.Release|Any CPU.Build.0 = Release|Any CPU
		{254C1C03-203C-490A-B49F-A390B08D9D30}.Debug|Any CPU.ActiveCfg = Debug|Any CPU
		{254C1C03-203C-490A-B49F-A390B08D9D30}.Debug|Any CPU.Build.0 = Debug|Any CPU
		{254C1C03-203C-490A-B49F-A390B08D9D30}.Release|Any CPU.ActiveCfg = Release|Any CPU
		{254C1C03-203C-490A-B49F-A390B08D9D30}.Release|Any CPU.Build.0 = Release|Any CPU
		{626EF097-21F9-4B92-858B-7C8863CBD53D}.Debug|Any CPU.ActiveCfg = Debug|Any CPU
		{626EF097-21F9-4B92-858B-7C8863CBD53D}.Debug|Any CPU.Build.0 = Debug|Any CPU
		{626EF097-21F9-4B92-858B-7C8863CBD53D}.Release|Any CPU.ActiveCfg = Release|Any CPU
		{626EF097-21F9-4B92-858B-7C8863CBD53D}.Release|Any CPU.Build.0 = Release|Any CPU
		{C41EB2CF-B00D-4972-B550-1FF10A28041F}.Debug|Any CPU.ActiveCfg = Debug|Any CPU
		{C41EB2CF-B00D-4972-B550-1FF10A28041F}.Debug|Any CPU.Build.0 = Debug|Any CPU
		{C41EB2CF-B00D-4972-B550-1FF10A28041F}.Release|Any CPU.ActiveCfg = Release|Any CPU
		{C41EB2CF-B00D-4972-B550-1FF10A28041F}.Release|Any CPU.Build.0 = Release|Any CPU
	EndGlobalSection
	GlobalSection(SolutionProperties) = preSolution
		HideSolutionNode = FALSE
	EndGlobalSection
	GlobalSection(NestedProjects) = preSolution
		{49EF0518-BF0E-4C81-B5A4-E32A67524D7A} = {76C84477-F97A-4249-BE00-73E2FE2B47BE}
		{F4B1C110-8559-4061-8C18-FEE4F9058784} = {76C84477-F97A-4249-BE00-73E2FE2B47BE}
		{BE240513-4D42-406B-A09E-7A33388BE65C} = {76C84477-F97A-4249-BE00-73E2FE2B47BE}
		{78245452-A133-4B29-8436-AE7E2BA50741} = {76C84477-F97A-4249-BE00-73E2FE2B47BE}
		{C4A10F50-3B53-4F5C-A655-CB027D17D365} = {76C84477-F97A-4249-BE00-73E2FE2B47BE}
		{1F3F0627-4935-4B83-925C-7FC32E151FAE} = {76C84477-F97A-4249-BE00-73E2FE2B47BE}
		{254C1C03-203C-490A-B49F-A390B08D9D30} = {76C84477-F97A-4249-BE00-73E2FE2B47BE}
		{626EF097-21F9-4B92-858B-7C8863CBD53D} = {76C84477-F97A-4249-BE00-73E2FE2B47BE}
		{C41EB2CF-B00D-4972-B550-1FF10A28041F} = {76C84477-F97A-4249-BE00-73E2FE2B47BE}
		{14CFA3C9-2F8E-4B82-BE3F-601001DF7A30} = {B50D003F-2F3E-4E62-82AC-F3CCE7B4A204}
		{ABD91768-9E9C-48DB-9079-3116119763BA} = {B50D003F-2F3E-4E62-82AC-F3CCE7B4A204}
		{AD8C23F1-2E52-4761-8990-DA2159891A44} = {B50D003F-2F3E-4E62-82AC-F3CCE7B4A204}
		{5B21B3F4-120D-4E39-B149-3FC9AEE87FA1} = {13A25D8F-20A7-4832-AD6B-E17A498696F5}
		{AA19E137-2828-49AA-9DEC-99623764C3E4} = {13A25D8F-20A7-4832-AD6B-E17A498696F5}
		{496D30D8-441F-4692-8D2C-846B9F0EAAD2} = {F33D8FFA-DF20-4E3F-BC67-22D9EFDD94CD}
		{01907089-E873-4550-AF66-0B563589D700} = {F33D8FFA-DF20-4E3F-BC67-22D9EFDD94CD}
	EndGlobalSection
EndGlobal
